
Microsoft Visual Studio Solution File, Format Version 12.00
# Visual Studio Version 17
VisualStudioVersion = 17.8.34601.278
MinimumVisualStudioVersion = 10.0.40219.1
Project("{FAE04EC0-301F-11D3-BF4B-00C04F79EFBC}") = "DAM2_M06_UF4_Activity_2_Code_First", "DAM2_M06_UF4_Activity_2_Code_First\DAM2_M06_UF4_Activity_2_Code_First.csproj", "{0D817358-CA1B-4AF3-815D-789561FF34A9}"
EndProject
Global
	GlobalSection(SolutionConfigurationPlatforms) = preSolution
		Debug|Any CPU = Debug|Any CPU
		Release|Any CPU = Release|Any CPU
	EndGlobalSection
	GlobalSection(ProjectConfigurationPlatforms) = postSolution
		{0D817358-CA1B-4AF3-815D-789561FF34A9}.Debug|Any CPU.ActiveCfg = Debug|Any CPU
		{0D817358-CA1B-4AF3-815D-789561FF34A9}.Debug|Any CPU.Build.0 = Debug|Any CPU
		{0D817358-CA1B-4AF3-815D-789561FF34A9}.Release|Any CPU.ActiveCfg = Release|Any CPU
		{0D817358-CA1B-4AF3-815D-789561FF34A9}.Release|Any CPU.Build.0 = Release|Any CPU
	EndGlobalSection
	GlobalSection(SolutionProperties) = preSolution
		HideSolutionNode = FALSE
	EndGlobalSection
	GlobalSection(ExtensibilityGlobals) = postSolution
		SolutionGuid = {D57BC1E2-6926-4906-8569-0115156C4EAA}
	EndGlobalSection
EndGlobal
